
Microsoft Visual Studio Solution File, Format Version 12.00
# Visual Studio Version 17
VisualStudioVersion = 17.11.35222.181
MinimumVisualStudioVersion = 10.0.40219.1
Project("{9A19103F-16F7-4668-BE54-9A1E7A4F7556}") = "WinFormsApp1", "WinFormsApp1\WinFormsApp1.csproj", "{E1883AE6-A7B6-4B82-AD5B-B563225B80B9}"
EndProject
Project("{2150E333-8FDC-42A3-9474-1A3956D46DE8}") = "Solution Items", "Solution Items", "{655CD2CE-15EB-43FC-B757-D95BDB77CFB5}"
	ProjectSection(SolutionItems) = preProject
		WinFormsApp1\Blazor Page.png = WinFormsApp1\Blazor Page.png
		WinFormsApp1\Copilot Request.png = WinFormsApp1\Copilot Request.png
		..\README.md = ..\README.md
		WinFormsApp1\WinForms Page.png = WinFormsApp1\WinForms Page.png
	EndProjectSection
EndProject
Global
	GlobalSection(SolutionConfigurationPlatforms) = preSolution
		Debug|Any CPU = Debug|Any CPU
		Release|Any CPU = Release|Any CPU
	EndGlobalSection
	GlobalSection(ProjectConfigurationPlatforms) = postSolution
		{E1883AE6-A7B6-4B82-AD5B-B563225B80B9}.Debug|Any CPU.ActiveCfg = Debug|Any CPU
		{E1883AE6-A7B6-4B82-AD5B-B563225B80B9}.Debug|Any CPU.Build.0 = Debug|Any CPU
		{E1883AE6-A7B6-4B82-AD5B-B563225B80B9}.Release|Any CPU.ActiveCfg = Release|Any CPU
		{E1883AE6-A7B6-4B82-AD5B-B563225B80B9}.Release|Any CPU.Build.0 = Release|Any CPU
	EndGlobalSection
	GlobalSection(SolutionProperties) = preSolution
		HideSolutionNode = FALSE
	EndGlobalSection
	GlobalSection(NestedProjects) = preSolution
		{E1883AE6-A7B6-4B82-AD5B-B563225B80B9} = {655CD2CE-15EB-43FC-B757-D95BDB77CFB5}
	EndGlobalSection
	GlobalSection(ExtensibilityGlobals) = postSolution
		SolutionGuid = {9E41D2E0-CA44-44A1-9E4C-CE4D112C3FF0}
	EndGlobalSection
EndGlobal
